github.com/evanphx/json-patch/v5 v5.7.0 h1:nJqP7uwL84RJInrohHfW0Fx3awjbm8qZeFv0nW9SYGc=
github.com/evanphx/json-patch/v5 v5.7.0/go.mod h1:VNkHZ/282BpEyt/tObQO8s5CMPmYYq14uClGH4abBuQ=
github.com/pkg/errors v0.9.1 h1:FEBLx1zS214owpjy7qsBeixbURkuhQAwrK5UwLGTwt4=
github.com/pkg/errors v0.9.1/go.mod h1:bwawxfHBFNV+L2hUp1rHADufV3IMtnDRdf1r5NINEl0=
